
Microsoft Visual Studio Solution File, Format Version 12.00
# Visual Studio 2012
Project("{2150E333-8FDC-42A3-9474-1A3956D46DE8}") = "1. Framework", "1. Framework", "{1DBB2587-9B7C-45FC-A7A2-28FEAF7A3199}"
EndProject
Project("{2150E333-8FDC-42A3-9474-1A3956D46DE8}") = "3. Platform", "3. Platform", "{5EE267C8-CE67-48F3-85E7-FE57CDD0ED5A}"
EndProject
Project("{2150E333-8FDC-42A3-9474-1A3956D46DE8}") = "5. Tools", "5. Tools", "{5AE5D126-6D5B-4645-AB32-016F9A037E8F}"
EndProject
Project("{2150E333-8FDC-42A3-9474-1A3956D46DE8}") = "2. Domain", "2. Domain", "{02791A9E-BA6B-4922-99F7-6B738E9E737B}"
EndProject
Project("{FAE04EC0-301F-11D3-BF4B-00C04F79EFBC}") = "PIS.AutoEnt.Framework", "framework\src\PIS.AutoEnt.Framework\PIS.AutoEnt.Framework.csproj", "{D0D7DAB2-0446-4644-A437-24CDE778929C}"
EndProject
Project("{2150E333-8FDC-42A3-9474-1A3956D46DE8}") = "sites", "sites", "{75B791FF-C7AF-4060-846C-BFBD47298E54}"
EndProject
Project("{FAE04EC0-301F-11D3-BF4B-00C04F79EFBC}") = "PIS.AutoEnt.Portal.GlobalResources", "platform\resources\PIS.AutoEnt.Portal.GlobalResources\PIS.AutoEnt.Portal.GlobalResources.csproj", "{FFF0110E-C18F-4722-BE48-092B31DB560A}"
EndProject
Project("{2150E333-8FDC-42A3-9474-1A3956D46DE8}") = "4. Biz", "4. Biz", "{C82BF427-2299-43E1-AFD5-0F360D25303C}"
EndProject
Project("{2150E333-8FDC-42A3-9474-1A3956D46DE8}") = "b. DataAccess", "b. DataAccess", "{117D2824-B7F4-4895-A31D-7294EAB62A98}"
EndProject
Project("{2150E333-8FDC-42A3-9474-1A3956D46DE8}") = "d. Tests", "d. Tests", "{E10D4024-A192-47BE-8516-2ADCE6E01939}"
EndProject
Project("{2150E333-8FDC-42A3-9474-1A3956D46DE8}") = "c. Module", "c. Module", "{4305E989-0A11-44CF-B3C4-07D68D7CEBBD}"
EndProject
Project("{FAE04EC0-301F-11D3-BF4B-00C04F79EFBC}") = "PIS.AutoEnt.MachineCode", "tools\PIS.AutoEnt.MachineCode\PIS.AutoEnt.MachineCode.csproj", "{913D1E9C-7698-455E-924F-8485D4CB18E7}"
EndProject
Project("{FAE04EC0-301F-11D3-BF4B-00C04F79EFBC}") = "PIS.AutoEnt.ConfigTool", "tools\PIS.AutoEnt.ConfigTool\PIS.AutoEnt.ConfigTool.csproj", "{1348F136-F636-45D8-A0DC-E2A881E54B73}"
EndProject
Project("{FAE04EC0-301F-11D3-BF4B-00C04F79EFBC}") = "PIS.AutoEnt", "framework\src\PIS.AutoEnt\PIS.AutoEnt.csproj", "{B8B15DAE-BE55-4DF8-A89B-B4C842FBFAC0}"
EndProject
Project("{FAE04EC0-301F-11D3-BF4B-00C04F79EFBC}") = "PIS.AutoEnt.Share", "framework\share\PIS.AutoEnt.Share\PIS.AutoEnt.Share.csproj", "{3B0B52B0-B6DB-4886-A2D2-272523F5B508}"
EndProject
Project("{FAE04EC0-301F-11D3-BF4B-00C04F79EFBC}") = "PIS.AutoEnt.DataContext", "domain\src\PIS.AutoEnt.DataContext\PIS.AutoEnt.DataContext.csproj", "{93C5469F-5F9E-40CD-BB30-087A8956F33C}"
EndProject
Project("{FAE04EC0-301F-11D3-BF4B-00C04F79EFBC}") = "PIS.AutoEnt.Repository", "domain\src\PIS.AutoEnt.Repository\PIS.AutoEnt.Repository.csproj", "{B7A245E6-C0A7-4188-86E2-F200DFD0B0AC}"
EndProject
Project("{FAE04EC0-301F-11D3-BF4B-00C04F79EFBC}") = "PIS.AutoEnt.Module", "domain\src\PIS.AutoEnt.Module\PIS.AutoEnt.Module.csproj", "{78709905-1F11-4C29-9889-7F75D254E0AC}"
EndProject
Project("{FAE04EC0-301F-11D3-BF4B-00C04F79EFBC}") = "PIS.AutoEnt.Web", "domain\src\PIS.AutoEnt.Web\PIS.AutoEnt.Web.csproj", "{D5018653-2232-464E-8129-16BFCCFA76F1}"
EndProject
Project("{2150E333-8FDC-42A3-9474-1A3956D46DE8}") = "a. Models", "a. Models", "{2E58C82E-00DB-4A8D-BA90-65936C8CA52C}"
EndProject
Project("{FAE04EC0-301F-11D3-BF4B-00C04F79EFBC}") = "PIS.AutoEnt.Domain.Tests", "domain\tests\PIS.AutoEnt.Domain.Tests\PIS.AutoEnt.Domain.Tests.csproj", "{F4DC71E7-AD88-4B5D-9186-CC96559A14AE}"
EndProject
Project("{FAE04EC0-301F-11D3-BF4B-00C04F79EFBC}") = "PIS.AutoEnt.Framework.Tests", "framework\tests\PIS.AutoEnt.Framework.Tests\PIS.AutoEnt.Framework.Tests.csproj", "{33A9A340-4A90-4245-810F-ABE744976C1C}"
EndProject
Project("{FAE04EC0-301F-11D3-BF4B-00C04F79EFBC}") = "PIS.AutoEnt.DtoModels", "domain\src\PIS.AutoEnt.DtoModels\PIS.AutoEnt.DtoModels.csproj", "{960D2E84-F364-40A0-AE67-17B566DD013B}"
EndProject
Project("{FAE04EC0-301F-11D3-BF4B-00C04F79EFBC}") = "PIS.AutoEnt.Portal.WebSite", "platform\sites\web\portal\PIS.AutoEnt.Portal.WebSite.csproj", "{DD5CB73D-0CC6-4C35-90E8-BCAC1D8FDB47}"
EndProject
Global
	GlobalSection(SolutionConfigurationPlatforms) = preSolution
		Debug|Any CPU = Debug|Any CPU
		Debug|Mixed Platforms = Debug|Mixed Platforms
		Debug|x86 = Debug|x86
		Release|Any CPU = Release|Any CPU
		Release|Mixed Platforms = Release|Mixed Platforms
		Release|x86 = Release|x86
	EndGlobalSection
	GlobalSection(ProjectConfigurationPlatforms) = postSolution
		{D0D7DAB2-0446-4644-A437-24CDE778929C}.Debug|Any CPU.ActiveCfg = Debug|Any CPU
		{D0D7DAB2-0446-4644-A437-24CDE778929C}.Debug|Any CPU.Build.0 = Debug|Any CPU
		{D0D7DAB2-0446-4644-A437-24CDE778929C}.Debug|Mixed Platforms.ActiveCfg = Debug|Any CPU
		{D0D7DAB2-0446-4644-A437-24CDE778929C}.Debug|Mixed Platforms.Build.0 = Debug|Any CPU
		{D0D7DAB2-0446-4644-A437-24CDE778929C}.Debug|x86.ActiveCfg = Debug|Any CPU
		{D0D7DAB2-0446-4644-A437-24CDE778929C}.Release|Any CPU.ActiveCfg = Release|Any CPU
		{D0D7DAB2-0446-4644-A437-24CDE778929C}.Release|Any CPU.Build.0 = Release|Any CPU
		{D0D7DAB2-0446-4644-A437-24CDE778929C}.Release|Mixed Platforms.ActiveCfg = Release|Any CPU
		{D0D7DAB2-0446-4644-A437-24CDE778929C}.Release|Mixed Platforms.Build.0 = Release|Any CPU
		{D0D7DAB2-0446-4644-A437-24CDE778929C}.Release|x86.ActiveCfg = Release|Any CPU
		{FFF0110E-C18F-4722-BE48-092B31DB560A}.Debug|Any CPU.ActiveCfg = Debug|Any CPU
		{FFF0110E-C18F-4722-BE48-092B31DB560A}.Debug|Any CPU.Build.0 = Debug|Any CPU
		{FFF0110E-C18F-4722-BE48-092B31DB560A}.Debug|Mixed Platforms.ActiveCfg = Debug|Any CPU
		{FFF0110E-C18F-4722-BE48-092B31DB560A}.Debug|Mixed Platforms.Build.0 = Debug|Any CPU
		{FFF0110E-C18F-4722-BE48-092B31DB560A}.Debug|x86.ActiveCfg = Debug|Any CPU
		{FFF0110E-C18F-4722-BE48-092B31DB560A}.Release|Any CPU.ActiveCfg = Release|Any CPU
		{FFF0110E-C18F-4722-BE48-092B31DB560A}.Release|Any CPU.Build.0 = Release|Any CPU
		{FFF0110E-C18F-4722-BE48-092B31DB560A}.Release|Mixed Platforms.ActiveCfg = Release|Any CPU
		{FFF0110E-C18F-4722-BE48-092B31DB560A}.Release|Mixed Platforms.Build.0 = Release|Any CPU
		{FFF0110E-C18F-4722-BE48-092B31DB560A}.Release|x86.ActiveCfg = Release|Any CPU
		{913D1E9C-7698-455E-924F-8485D4CB18E7}.Debug|Any CPU.ActiveCfg = Debug|x86
		{913D1E9C-7698-455E-924F-8485D4CB18E7}.Debug|Mixed Platforms.ActiveCfg = Debug|x86
		{913D1E9C-7698-455E-924F-8485D4CB18E7}.Debug|Mixed Platforms.Build.0 = Debug|x86
		{913D1E9C-7698-455E-924F-8485D4CB18E7}.Debug|x86.ActiveCfg = Debug|x86
		{913D1E9C-7698-455E-924F-8485D4CB18E7}.Debug|x86.Build.0 = Debug|x86
		{913D1E9C-7698-455E-924F-8485D4CB18E7}.Release|Any CPU.ActiveCfg = Release|x86
		{913D1E9C-7698-455E-924F-8485D4CB18E7}.Release|Mixed Platforms.ActiveCfg = Release|x86
		{913D1E9C-7698-455E-924F-8485D4CB18E7}.Release|Mixed Platforms.Build.0 = Release|x86
		{913D1E9C-7698-455E-924F-8485D4CB18E7}.Release|x86.ActiveCfg = Release|x86
		{913D1E9C-7698-455E-924F-8485D4CB18E7}.Release|x86.Build.0 = Release|x86
		{1348F136-F636-45D8-A0DC-E2A881E54B73}.Debug|Any CPU.ActiveCfg = Debug|x86
		{1348F136-F636-45D8-A0DC-E2A881E54B73}.Debug|Mixed Platforms.ActiveCfg = Debug|x86
		{1348F136-F636-45D8-A0DC-E2A881E54B73}.Debug|Mixed Platforms.Build.0 = Debug|x86
		{1348F136-F636-45D8-A0DC-E2A881E54B73}.Debug|x86.ActiveCfg = Debug|x86
		{1348F136-F636-45D8-A0DC-E2A881E54B73}.Debug|x86.Build.0 = Debug|x86
		{1348F136-F636-45D8-A0DC-E2A881E54B73}.Release|Any CPU.ActiveCfg = Release|x86
		{1348F136-F636-45D8-A0DC-E2A881E54B73}.Release|Mixed Platforms.ActiveCfg = Release|x86
		{1348F136-F636-45D8-A0DC-E2A881E54B73}.Release|Mixed Platforms.Build.0 = Release|x86
		{1348F136-F636-45D8-A0DC-E2A881E54B73}.Release|x86.ActiveCfg = Release|x86
		{1348F136-F636-45D8-A0DC-E2A881E54B73}.Release|x86.Build.0 = Release|x86
		{B8B15DAE-BE55-4DF8-A89B-B4C842FBFAC0}.Debug|Any CPU.ActiveCfg = Debug|Any CPU
		{B8B15DAE-BE55-4DF8-A89B-B4C842FBFAC0}.Debug|Any CPU.Build.0 = Debug|Any CPU
		{B8B15DAE-BE55-4DF8-A89B-B4C842FBFAC0}.Debug|Mixed Platforms.ActiveCfg = Debug|Any CPU
		{B8B15DAE-BE55-4DF8-A89B-B4C842FBFAC0}.Debug|Mixed Platforms.Build.0 = Debug|Any CPU
		{B8B15DAE-BE55-4DF8-A89B-B4C842FBFAC0}.Debug|x86.ActiveCfg = Debug|Any CPU
		{B8B15DAE-BE55-4DF8-A89B-B4C842FBFAC0}.Release|Any CPU.ActiveCfg = Release|Any CPU
		{B8B15DAE-BE55-4DF8-A89B-B4C842FBFAC0}.Release|Any CPU.Build.0 = Release|Any CPU
		{B8B15DAE-BE55-4DF8-A89B-B4C842FBFAC0}.Release|Mixed Platforms.ActiveCfg = Release|Any CPU
		{B8B15DAE-BE55-4DF8-A89B-B4C842FBFAC0}.Release|Mixed Platforms.Build.0 = Release|Any CPU
		{B8B15DAE-BE55-4DF8-A89B-B4C842FBFAC0}.Release|x86.ActiveCfg = Release|Any CPU
		{3B0B52B0-B6DB-4886-A2D2-272523F5B508}.Debug|Any CPU.ActiveCfg = Debug|Any CPU
		{3B0B52B0-B6DB-4886-A2D2-272523F5B508}.Debug|Any CPU.Build.0 = Debug|Any CPU
		{3B0B52B0-B6DB-4886-A2D2-272523F5B508}.Debug|Mixed Platforms.ActiveCfg = Debug|Any CPU
		{3B0B52B0-B6DB-4886-A2D2-272523F5B508}.Debug|Mixed Platforms.Build.0 = Debug|Any CPU
		{3B0B52B0-B6DB-4886-A2D2-272523F5B508}.Debug|x86.ActiveCfg = Debug|Any CPU
		{3B0B52B0-B6DB-4886-A2D2-272523F5B508}.Release|Any CPU.ActiveCfg = Release|Any CPU
		{3B0B52B0-B6DB-4886-A2D2-272523F5B508}.Release|Any CPU.Build.0 = Release|Any CPU
		{3B0B52B0-B6DB-4886-A2D2-272523F5B508}.Release|Mixed Platforms.ActiveCfg = Release|Any CPU
		{3B0B52B0-B6DB-4886-A2D2-272523F5B508}.Release|Mixed Platforms.Build.0 = Release|Any CPU
		{3B0B52B0-B6DB-4886-A2D2-272523F5B508}.Release|x86.ActiveCfg = Release|Any CPU
		{93C5469F-5F9E-40CD-BB30-087A8956F33C}.Debug|Any CPU.ActiveCfg = Debug|Any CPU
		{93C5469F-5F9E-40CD-BB30-087A8956F33C}.Debug|Any CPU.Build.0 = Debug|Any CPU
		{93C5469F-5F9E-40CD-BB30-087A8956F33C}.Debug|Mixed Platforms.ActiveCfg = Debug|Any CPU
		{93C5469F-5F9E-40CD-BB30-087A8956F33C}.Debug|Mixed Platforms.Build.0 = Debug|Any CPU
		{93C5469F-5F9E-40CD-BB30-087A8956F33C}.Debug|x86.ActiveCfg = Debug|Any CPU
		{93C5469F-5F9E-40CD-BB30-087A8956F33C}.Release|Any CPU.ActiveCfg = Release|Any CPU
		{93C5469F-5F9E-40CD-BB30-087A8956F33C}.Release|Any CPU.Build.0 = Release|Any CPU
		{93C5469F-5F9E-40CD-BB30-087A8956F33C}.Release|Mixed Platforms.ActiveCfg = Release|Any CPU
		{93C5469F-5F9E-40CD-BB30-087A8956F33C}.Release|Mixed Platforms.Build.0 = Release|Any CPU
		{93C5469F-5F9E-40CD-BB30-087A8956F33C}.Release|x86.ActiveCfg = Release|Any CPU
		{B7A245E6-C0A7-4188-86E2-F200DFD0B0AC}.Debug|Any CPU.ActiveCfg = Debug|Any CPU
		{B7A245E6-C0A7-4188-86E2-F200DFD0B0AC}.Debug|Any CPU.Build.0 = Debug|Any CPU
		{B7A245E6-C0A7-4188-86E2-F200DFD0B0AC}.Debug|Mixed Platforms.ActiveCfg = Debug|Any CPU
		{B7A245E6-C0A7-4188-86E2-F200DFD0B0AC}.Debug|Mixed Platforms.Build.0 = Debug|Any CPU
		{B7A245E6-C0A7-4188-86E2-F200DFD0B0AC}.Debug|x86.ActiveCfg = Debug|Any CPU
		{B7A245E6-C0A7-4188-86E2-F200DFD0B0AC}.Release|Any CPU.ActiveCfg = Release|Any CPU
		{B7A245E6-C0A7-4188-86E2-F200DFD0B0AC}.Release|Any CPU.Build.0 = Release|Any CPU
		{B7A245E6-C0A7-4188-86E2-F200DFD0B0AC}.Release|Mixed Platforms.ActiveCfg = Release|Any CPU
		{B7A245E6-C0A7-4188-86E2-F200DFD0B0AC}.Release|Mixed Platforms.Build.0 = Release|Any CPU
		{B7A245E6-C0A7-4188-86E2-F200DFD0B0AC}.Release|x86.ActiveCfg = Release|Any CPU
		{78709905-1F11-4C29-9889-7F75D254E0AC}.Debug|Any CPU.ActiveCfg = Debug|Any CPU
		{78709905-1F11-4C29-9889-7F75D254E0AC}.Debug|Any CPU.Build.0 = Debug|Any CPU
		{78709905-1F11-4C29-9889-7F75D254E0AC}.Debug|Mixed Platforms.ActiveCfg = Debug|Any CPU
		{78709905-1F11-4C29-9889-7F75D254E0AC}.Debug|Mixed Platforms.Build.0 = Debug|Any CPU
		{78709905-1F11-4C29-9889-7F75D254E0AC}.Debug|x86.ActiveCfg = Debug|Any CPU
		{78709905-1F11-4C29-9889-7F75D254E0AC}.Release|Any CPU.ActiveCfg = Release|Any CPU
		{78709905-1F11-4C29-9889-7F75D254E0AC}.Release|Any CPU.Build.0 = Release|Any CPU
		{78709905-1F11-4C29-9889-7F75D254E0AC}.Release|Mixed Platforms.ActiveCfg = Release|Any CPU
		{78709905-1F11-4C29-9889-7F75D254E0AC}.Release|Mixed Platforms.Build.0 = Release|Any CPU
		{78709905-1F11-4C29-9889-7F75D254E0AC}.Release|x86.ActiveCfg = Release|Any CPU
		{D5018653-2232-464E-8129-16BFCCFA76F1}.Debug|Any CPU.ActiveCfg = Debug|Any CPU
		{D5018653-2232-464E-8129-16BFCCFA76F1}.Debug|Any CPU.Build.0 = Debug|Any CPU
		{D5018653-2232-464E-8129-16BFCCFA76F1}.Debug|Mixed Platforms.ActiveCfg = Debug|Any CPU
		{D5018653-2232-464E-8129-16BFCCFA76F1}.Debug|Mixed Platforms.Build.0 = Debug|Any CPU
		{D5018653-2232-464E-8129-16BFCCFA76F1}.Debug|x86.ActiveCfg = Debug|Any CPU
		{D5018653-2232-464E-8129-16BFCCFA76F1}.Release|Any CPU.ActiveCfg = Release|Any CPU
		{D5018653-2232-464E-8129-16BFCCFA76F1}.Release|Any CPU.Build.0 = Release|Any CPU
		{D5018653-2232-464E-8129-16BFCCFA76F1}.Release|Mixed Platforms.ActiveCfg = Release|Any CPU
		{D5018653-2232-464E-8129-16BFCCFA76F1}.Release|Mixed Platforms.Build.0 = Release|Any CPU
		{D5018653-2232-464E-8129-16BFCCFA76F1}.Release|x86.ActiveCfg = Release|Any CPU
		{F4DC71E7-AD88-4B5D-9186-CC96559A14AE}.Debug|Any CPU.ActiveCfg = Debug|Any CPU
		{F4DC71E7-AD88-4B5D-9186-CC96559A14AE}.Debug|Any CPU.Build.0 = Debug|Any CPU
		{F4DC71E7-AD88-4B5D-9186-CC96559A14AE}.Debug|Mixed Platforms.ActiveCfg = Debug|Any CPU
		{F4DC71E7-AD88-4B5D-9186-CC96559A14AE}.Debug|Mixed Platforms.Build.0 = Debug|Any CPU
		{F4DC71E7-AD88-4B5D-9186-CC96559A14AE}.Debug|x86.ActiveCfg = Debug|Any CPU
		{F4DC71E7-AD88-4B5D-9186-CC96559A14AE}.Release|Any CPU.ActiveCfg = Release|Any CPU
		{F4DC71E7-AD88-4B5D-9186-CC96559A14AE}.Release|Any CPU.Build.0 = Release|Any CPU
		{F4DC71E7-AD88-4B5D-9186-CC96559A14AE}.Release|Mixed Platforms.ActiveCfg = Release|Any CPU
		{F4DC71E7-AD88-4B5D-9186-CC96559A14AE}.Release|Mixed Platforms.Build.0 = Release|Any CPU
		{F4DC71E7-AD88-4B5D-9186-CC96559A14AE}.Release|x86.ActiveCfg = Release|Any CPU
		{33A9A340-4A90-4245-810F-ABE744976C1C}.Debug|Any CPU.ActiveCfg = Debug|Any CPU
		{33A9A340-4A90-4245-810F-ABE744976C1C}.Debug|Any CPU.Build.0 = Debug|Any CPU
		{33A9A340-4A90-4245-810F-ABE744976C1C}.Debug|Mixed Platforms.ActiveCfg = Debug|Any CPU
		{33A9A340-4A90-4245-810F-ABE744976C1C}.Debug|Mixed Platforms.Build.0 = Debug|Any CPU
		{33A9A340-4A90-4245-810F-ABE744976C1C}.Debug|x86.ActiveCfg = Debug|Any CPU
		{33A9A340-4A90-4245-810F-ABE744976C1C}.Release|Any CPU.ActiveCfg = Release|Any CPU
		{33A9A340-4A90-4245-810F-ABE744976C1C}.Release|Any CPU.Build.0 = Release|Any CPU
		{33A9A340-4A90-4245-810F-ABE744976C1C}.Release|Mixed Platforms.ActiveCfg = Release|Any CPU
		{33A9A340-4A90-4245-810F-ABE744976C1C}.Release|Mixed Platforms.Build.0 = Release|Any CPU
		{33A9A340-4A90-4245-810F-ABE744976C1C}.Release|x86.ActiveCfg = Release|Any CPU
		{960D2E84-F364-40A0-AE67-17B566DD013B}.Debug|Any CPU.ActiveCfg = Debug|Any CPU
		{960D2E84-F364-40A0-AE67-17B566DD013B}.Debug|Any CPU.Build.0 = Debug|Any CPU
		{960D2E84-F364-40A0-AE67-17B566DD013B}.Debug|Mixed Platforms.ActiveCfg = Debug|Any CPU
		{960D2E84-F364-40A0-AE67-17B566DD013B}.Debug|Mixed Platforms.Build.0 = Debug|Any CPU
		{960D2E84-F364-40A0-AE67-17B566DD013B}.Debug|x86.ActiveCfg = Debug|Any CPU
		{960D2E84-F364-40A0-AE67-17B566DD013B}.Release|Any CPU.ActiveCfg = Release|Any CPU
		{960D2E84-F364-40A0-AE67-17B566DD013B}.Release|Any CPU.Build.0 = Release|Any CPU
		{960D2E84-F364-40A0-AE67-17B566DD013B}.Release|Mixed Platforms.ActiveCfg = Release|Any CPU
		{960D2E84-F364-40A0-AE67-17B566DD013B}.Release|Mixed Platforms.Build.0 = Release|Any CPU
		{960D2E84-F364-40A0-AE67-17B566DD013B}.Release|x86.ActiveCfg = Release|Any CPU
		{DD5CB73D-0CC6-4C35-90E8-BCAC1D8FDB47}.Debug|Any CPU.ActiveCfg = Debug|Any CPU
		{DD5CB73D-0CC6-4C35-90E8-BCAC1D8FDB47}.Debug|Any CPU.Build.0 = Debug|Any CPU
		{DD5CB73D-0CC6-4C35-90E8-BCAC1D8FDB47}.Debug|Mixed Platforms.ActiveCfg = Debug|Any CPU
		{DD5CB73D-0CC6-4C35-90E8-BCAC1D8FDB47}.Debug|Mixed Platforms.Build.0 = Debug|Any CPU
		{DD5CB73D-0CC6-4C35-90E8-BCAC1D8FDB47}.Debug|x86.ActiveCfg = Debug|Any CPU
		{DD5CB73D-0CC6-4C35-90E8-BCAC1D8FDB47}.Release|Any CPU.ActiveCfg = Release|Any CPU
		{DD5CB73D-0CC6-4C35-90E8-BCAC1D8FDB47}.Release|Any CPU.Build.0 = Release|Any CPU
		{DD5CB73D-0CC6-4C35-90E8-BCAC1D8FDB47}.Release|Mixed Platforms.ActiveCfg = Release|Any CPU
		{DD5CB73D-0CC6-4C35-90E8-BCAC1D8FDB47}.Release|Mixed Platforms.Build.0 = Release|Any CPU
		{DD5CB73D-0CC6-4C35-90E8-BCAC1D8FDB47}.Release|x86.ActiveCfg = Release|Any CPU
	EndGlobalSection
	GlobalSection(SolutionProperties) = preSolution
		HideSolutionNode = FALSE
	EndGlobalSection
	GlobalSection(NestedProjects) = preSolution
		{D0D7DAB2-0446-4644-A437-24CDE778929C} = {1DBB2587-9B7C-45FC-A7A2-28FEAF7A3199}
		{B8B15DAE-BE55-4DF8-A89B-B4C842FBFAC0} = {1DBB2587-9B7C-45FC-A7A2-28FEAF7A3199}
		{3B0B52B0-B6DB-4886-A2D2-272523F5B508} = {1DBB2587-9B7C-45FC-A7A2-28FEAF7A3199}
		{33A9A340-4A90-4245-810F-ABE744976C1C} = {1DBB2587-9B7C-45FC-A7A2-28FEAF7A3199}
		{75B791FF-C7AF-4060-846C-BFBD47298E54} = {5EE267C8-CE67-48F3-85E7-FE57CDD0ED5A}
		{913D1E9C-7698-455E-924F-8485D4CB18E7} = {5AE5D126-6D5B-4645-AB32-016F9A037E8F}
		{1348F136-F636-45D8-A0DC-E2A881E54B73} = {5AE5D126-6D5B-4645-AB32-016F9A037E8F}
		{117D2824-B7F4-4895-A31D-7294EAB62A98} = {02791A9E-BA6B-4922-99F7-6B738E9E737B}
		{E10D4024-A192-47BE-8516-2ADCE6E01939} = {02791A9E-BA6B-4922-99F7-6B738E9E737B}
		{4305E989-0A11-44CF-B3C4-07D68D7CEBBD} = {02791A9E-BA6B-4922-99F7-6B738E9E737B}
		{2E58C82E-00DB-4A8D-BA90-65936C8CA52C} = {02791A9E-BA6B-4922-99F7-6B738E9E737B}
		{FFF0110E-C18F-4722-BE48-092B31DB560A} = {75B791FF-C7AF-4060-846C-BFBD47298E54}
		{DD5CB73D-0CC6-4C35-90E8-BCAC1D8FDB47} = {75B791FF-C7AF-4060-846C-BFBD47298E54}
		{93C5469F-5F9E-40CD-BB30-087A8956F33C} = {117D2824-B7F4-4895-A31D-7294EAB62A98}
		{B7A245E6-C0A7-4188-86E2-F200DFD0B0AC} = {117D2824-B7F4-4895-A31D-7294EAB62A98}
		{F4DC71E7-AD88-4B5D-9186-CC96559A14AE} = {E10D4024-A192-47BE-8516-2ADCE6E01939}
		{78709905-1F11-4C29-9889-7F75D254E0AC} = {4305E989-0A11-44CF-B3C4-07D68D7CEBBD}
		{D5018653-2232-464E-8129-16BFCCFA76F1} = {4305E989-0A11-44CF-B3C4-07D68D7CEBBD}
		{960D2E84-F364-40A0-AE67-17B566DD013B} = {2E58C82E-00DB-4A8D-BA90-65936C8CA52C}
	EndGlobalSection
EndGlobal
